Microsoft Visual Studio Solution File, Format Version 11.00
# Visual Studio 2008

Project("{F0433F41-123F-4F1B-BC55-790990A0BB2F}") = "tour_virtuale", "Assembly-CSharp-firstpass.csproj", "{C7711D31-6974-486C-8CCF-5DF291C70458}"
EndProject
Project("{F0433F41-123F-4F1B-BC55-790990A0BB2F}") = "tour_virtuale", "Assembly-UnityScript-firstpass.unityproj", "{6E2FD1A1-F54B-C3C1-EAD0-F70BF90CE28E}"
EndProject
Project("{F0433F41-123F-4F1B-BC55-790990A0BB2F}") = "tour_virtuale", "Assembly-UnityScript.unityproj", "{6DD35CF7-C66D-C18D-8A37-227B97B205F1}"
EndProject
Global
	GlobalSection(SolutionConfigurationPlatforms) = preSolution
		Debug|Any CPU = Debug|Any CPU
		Release|Any CPU = Release|Any CPU
	EndGlobalSection
	GlobalSection(ProjectConfigurationPlatforms) = postSolution
		{C7711D31-6974-486C-8CCF-5DF291C70458}.Debug|Any CPU.ActiveCfg = Debug|Any CPU
		{C7711D31-6974-486C-8CCF-5DF291C70458}.Debug|Any CPU.Build.0 = Debug|Any CPU
		{C7711D31-6974-486C-8CCF-5DF291C70458}.Release|Any CPU.ActiveCfg = Release|Any CPU
		{C7711D31-6974-486C-8CCF-5DF291C70458}.Release|Any CPU.Build.0 = Release|Any CPU
		{6E2FD1A1-F54B-C3C1-EAD0-F70BF90CE28E}.Debug|Any CPU.ActiveCfg = Debug|Any CPU
		{6E2FD1A1-F54B-C3C1-EAD0-F70BF90CE28E}.Debug|Any CPU.Build.0 = Debug|Any CPU
		{6E2FD1A1-F54B-C3C1-EAD0-F70BF90CE28E}.Release|Any CPU.ActiveCfg = Release|Any CPU
		{6E2FD1A1-F54B-C3C1-EAD0-F70BF90CE28E}.Release|Any CPU.Build.0 = Release|Any CPU
		{6DD35CF7-C66D-C18D-8A37-227B97B205F1}.Debug|Any CPU.ActiveCfg = Debug|Any CPU
		{6DD35CF7-C66D-C18D-8A37-227B97B205F1}.Debug|Any CPU.Build.0 = Debug|Any CPU
		{6DD35CF7-C66D-C18D-8A37-227B97B205F1}.Release|Any CPU.ActiveCfg = Release|Any CPU
		{6DD35CF7-C66D-C18D-8A37-227B97B205F1}.Release|Any CPU.Build.0 = Release|Any CPU
	EndGlobalSection
	GlobalSection(SolutionProperties) = preSolution
		HideSolutionNode = FALSE
	EndGlobalSection
					GlobalSection(MonoDevelopProperties) = preSolution
		StartupItem = Assembly-CSharp.csproj
		Policies = $0
		$0.TextStylePolicy = $1
		$1.inheritsSet = null
		$1.scope = text/x-csharp
		$0.CSharpFormattingPolicy = $2
		$2.inheritsSet = Mono
		$2.inheritsScope = text/x-csharp
		$2.scope = text/x-csharp
		$0.TextStylePolicy = $3
		$3.FileWidth = 120
		$3.TabWidth = 4
		$3.EolMarker = Unix
		$3.inheritsSet = Mono
		$3.inheritsScope = text/plain
		$3.scope = text/plain
	EndGlobalSection

EndGlobal
